
Microsoft Visual Studio Solution File, Format Version 12.00
# Visual Studio Version 17
VisualStudioVersion = 17.2.32616.157
MinimumVisualStudioVersion = 10.0.40219.1
Project("{9A19103F-16F7-4668-BE54-9A1E7A4F7556}") = "WorkshopManagementSystem_BWM", "WorkshopManagementSystem_BWM\WorkshopManagementSystem_BWM.csproj", "{C3BBCF43-F7EC-42C5-807B-01272252A8EF}"
EndProject
Project("{9A19103F-16F7-4668-BE54-9A1E7A4F7556}") = "Data", "Data\Data.csproj", "{56A86130-4562-4948-B068-256ACF529417}"
EndProject
Project("{9A19103F-16F7-4668-BE54-9A1E7A4F7556}") = "Sevices", "Sevices\Sevices.csproj", "{853355A4-C32A-435A-B139-AF8BC20DB1CC}"
EndProject
Project("{9A19103F-16F7-4668-BE54-9A1E7A4F7556}") = "SignalRHubs", "SignalRHubs\SignalRHubs.csproj", "{C7881A00-B910-4346-B7AF-32B00EB79F6B}"
EndProject
Global
	GlobalSection(SolutionConfigurationPlatforms) = preSolution
		Debug|Any CPU = Debug|Any CPU
		Release|Any CPU = Release|Any CPU
	EndGlobalSection
	GlobalSection(ProjectConfigurationPlatforms) = postSolution
		{C3BBCF43-F7EC-42C5-807B-01272252A8EF}.Debug|Any CPU.ActiveCfg = Debug|Any CPU
		{C3BBCF43-F7EC-42C5-807B-01272252A8EF}.Debug|Any CPU.Build.0 = Debug|Any CPU
		{C3BBCF43-F7EC-42C5-807B-01272252A8EF}.Release|Any CPU.ActiveCfg = Release|Any CPU
		{C3BBCF43-F7EC-42C5-807B-01272252A8EF}.Release|Any CPU.Build.0 = Release|Any CPU
		{56A86130-4562-4948-B068-256ACF529417}.Debug|Any CPU.ActiveCfg = Debug|Any CPU
		{56A86130-4562-4948-B068-256ACF529417}.Debug|Any CPU.Build.0 = Debug|Any CPU
		{56A86130-4562-4948-B068-256ACF529417}.Release|Any CPU.ActiveCfg = Release|Any CPU
		{56A86130-4562-4948-B068-256ACF529417}.Release|Any CPU.Build.0 = Release|Any CPU
		{853355A4-C32A-435A-B139-AF8BC20DB1CC}.Debug|Any CPU.ActiveCfg = Debug|Any CPU
		{853355A4-C32A-435A-B139-AF8BC20DB1CC}.Debug|Any CPU.Build.0 = Debug|Any CPU
		{853355A4-C32A-435A-B139-AF8BC20DB1CC}.Release|Any CPU.ActiveCfg = Release|Any CPU
		{853355A4-C32A-435A-B139-AF8BC20DB1CC}.Release|Any CPU.Build.0 = Release|Any CPU
		{C7881A00-B910-4346-B7AF-32B00EB79F6B}.Debug|Any CPU.ActiveCfg = Debug|Any CPU
		{C7881A00-B910-4346-B7AF-32B00EB79F6B}.Debug|Any CPU.Build.0 = Debug|Any CPU
		{C7881A00-B910-4346-B7AF-32B00EB79F6B}.Release|Any CPU.ActiveCfg = Release|Any CPU
		{C7881A00-B910-4346-B7AF-32B00EB79F6B}.Release|Any CPU.Build.0 = Release|Any CPU
	EndGlobalSection
	GlobalSection(SolutionProperties) = preSolution
		HideSolutionNode = FALSE
	EndGlobalSection
	GlobalSection(ExtensibilityGlobals) = postSolution
		SolutionGuid = {F9C0A2B7-F994-4E79-92E5-07549A0D1CF8}
	EndGlobalSection
EndGlobal
